
Microsoft Visual Studio Solution File, Format Version 12.00
# Visual Studio Version 17
VisualStudioVersion = 17.5.002.0
MinimumVisualStudioVersion = 10.0.40219.1
Project("{9A19103F-16F7-4668-BE54-9A1E7A4F7556}") = "Assignment2", "Assignment2.csproj", "{F29EA3FB-098C-4F90-B051-2AB4105E4E64}"
EndProject
Global
	GlobalSection(SolutionConfigurationPlatforms) = preSolution
		Debug|Any CPU = Debug|Any CPU
		Release|Any CPU = Release|Any CPU
	EndGlobalSection
	GlobalSection(ProjectConfigurationPlatforms) = postSolution
		{F29EA3FB-098C-4F90-B051-2AB4105E4E64}.Debug|Any CPU.ActiveCfg = Debug|Any CPU
		{F29EA3FB-098C-4F90-B051-2AB4105E4E64}.Debug|Any CPU.Build.0 = Debug|Any CPU
		{F29EA3FB-098C-4F90-B051-2AB4105E4E64}.Release|Any CPU.ActiveCfg = Release|Any CPU
		{F29EA3FB-098C-4F90-B051-2AB4105E4E64}.Release|Any CPU.Build.0 = Release|Any CPU
	EndGlobalSection
	GlobalSection(SolutionProperties) = preSolution
		HideSolutionNode = FALSE
	EndGlobalSection
	GlobalSection(ExtensibilityGlobals) = postSolution
		SolutionGuid = {54416E39-3FEF-4501-84CD-8BAA5E20A10C}
	EndGlobalSection
EndGlobal
